
Microsoft Visual Studio Solution File, Format Version 12.00
# Visual Studio 15
VisualStudioVersion = 15.0.28010.2050
MinimumVisualStudioVersion = 10.0.40219.1
Project("{8BC9CEB8-8B4A-11D0-8D11-00A0C91BC942}") = "Project_SingSingE", "Project_SingSingE\Project_SingSingE.vcxproj", "{B8D6AEBD-1468-41AA-AB13-1C995ED62D70}"
EndProject
Global
	GlobalSection(SolutionConfigurationPlatforms) = preSolution
		Debug|x64 = Debug|x64
		Debug|x86 = Debug|x86
		Release|x64 = Release|x64
		Release|x86 = Release|x86
	EndGlobalSection
	GlobalSection(ProjectConfigurationPlatforms) = postSolution
		{B8D6AEBD-1468-41AA-AB13-1C995ED62D70}.Debug|x64.ActiveCfg = Debug|x64
		{B8D6AEBD-1468-41AA-AB13-1C995ED62D70}.Debug|x64.Build.0 = Debug|x64
		{B8D6AEBD-1468-41AA-AB13-1C995ED62D70}.Debug|x86.ActiveCfg = Debug|Win32
		{B8D6AEBD-1468-41AA-AB13-1C995ED62D70}.Debug|x86.Build.0 = Debug|Win32
		{B8D6AEBD-1468-41AA-AB13-1C995ED62D70}.Release|x64.ActiveCfg = Release|x64
		{B8D6AEBD-1468-41AA-AB13-1C995ED62D70}.Release|x64.Build.0 = Release|x64
		{B8D6AEBD-1468-41AA-AB13-1C995ED62D70}.Release|x86.ActiveCfg = Release|Win32
		{B8D6AEBD-1468-41AA-AB13-1C995ED62D70}.Release|x86.Build.0 = Release|Win32
	EndGlobalSection
	GlobalSection(SolutionProperties) = preSolution
		HideSolutionNode = FALSE
	EndGlobalSection
	GlobalSection(ExtensibilityGlobals) = postSolution
		SolutionGuid = {B62E979B-847A-42D9-BBD1-E3FB8DD3E292}
	EndGlobalSection
EndGlobal
